schema: '2.0'
stages:
  data_ingestion:
    cmd: python src/data_ingestion.py
    deps:
    - path: src/data_ingestion.py
      hash: md5
      md5: 0cc0fc51c15995a0a13810e58413a468
      size: 5358
    outs:
    - path: data/raw
      hash: md5
      md5: 1a287d34dc172d9f950c03dae35f7e73.dir
      size: 484846
      nfiles: 2
  data_preprocessing:
    cmd: python src/data_preprocessing.py
    deps:
    - path: data/raw
      hash: md5
      md5: 1a287d34dc172d9f950c03dae35f7e73.dir
      size: 484846
      nfiles: 2
    - path: src/data_preprocessing.py
      hash: md5
      md5: e1774ca50e48ac349f3f109a30588284
      size: 4845
    outs:
    - path: data/interim
      hash: md5
      md5: f52b4516af94989d7fa25edc02a6b1ea.dir
      size: 260073
      nfiles: 2
  feature_engineering:
    cmd: python src/feature_engineering.py
    deps:
    - path: data/interim
      hash: md5
      md5: f52b4516af94989d7fa25edc02a6b1ea.dir
      size: 260073
      nfiles: 2
    - path: src/feature_engineering.py
      hash: md5
      md5: eae9097e50c28bfb5d3a788e96357c20
      size: 5413
    outs:
    - path: data/processed
      hash: md5
      md5: a8c07e8093dadb60b7a4d952b7a27628.dir
      size: 834750
      nfiles: 2
  model_building:
    cmd: python src/model_building.py
    deps:
    - path: data/processed
      hash: md5
      md5: a8c07e8093dadb60b7a4d952b7a27628.dir
      size: 834750
      nfiles: 2
    - path: src/model_building.py
      hash: md5
      md5: 017bdee911421bab895a4132a6e9a2c9
      size: 4639
    outs:
    - path: models/model.pkl
      hash: md5
      md5: 5af5c3d0c879996c28f147a563519b96
      size: 720147
  model_evaluation:
    cmd: python src/model_evaluation.py
    deps:
    - path: models/model.pkl
      hash: md5
      md5: 5af5c3d0c879996c28f147a563519b96
      size: 720147
    - path: src/model_evaluation.py
      hash: md5
      md5: fa22e641d529414c8de77804d1ea77df
      size: 3835
    outs:
    - path: reports/metrics.json
      hash: md5
      md5: abba219d58644dde3de017d8eedbd8b8
      size: 145
